
Microsoft Visual Studio Solution File, Format Version 12.00
# Visual Studio Version 16
VisualStudioVersion = 16.0.31005.135
MinimumVisualStudioVersion = 10.0.40219.1
Project("{2150E333-8FDC-42A3-9474-1A3956D46DE8}") = "API", "API", "{900AFD44-4CC8-45BD-85EA-1BB5773B3DAA}"
EndProject
Project("{9A19103F-16F7-4668-BE54-9A1E7A4F7556}") = "ResturantReview.API", "ResturantReview.API\ResturantReview.API.csproj", "{3285CBA0-655D-45FD-8D52-8B9F35D20DD0}"
EndProject
Project("{2150E333-8FDC-42A3-9474-1A3956D46DE8}") = "Core", "Core", "{5CC37CF1-021D-4BC9-8D1C-D454322C8515}"
EndProject
Project("{9A19103F-16F7-4668-BE54-9A1E7A4F7556}") = "ResturantReview.Application", "ResturantReview.Application\ResturantReview.Application.csproj", "{7BE45712-9623-44F5-A442-08DE639A6DD4}"
EndProject
Project("{9A19103F-16F7-4668-BE54-9A1E7A4F7556}") = "ResturantReview.Domain", "ResturantReview.Domain\ResturantReview.Domain.csproj", "{C793AAFB-D4F5-4919-895F-8568080A209A}"
EndProject
Project("{2150E333-8FDC-42A3-9474-1A3956D46DE8}") = "Infrastructure", "Infrastructure", "{3FDF74FF-C1CD-4C1C-AF5F-C80D17574195}"
EndProject
Project("{9A19103F-16F7-4668-BE54-9A1E7A4F7556}") = "ResturantReview.Infrastructure", "ResturantReview.Infrastructure\ResturantReview.Infrastructure.csproj", "{3493390E-04F5-442A-A54B-38A30DE94787}"
EndProject
Global
	GlobalSection(SolutionConfigurationPlatforms) = preSolution
		Debug|Any CPU = Debug|Any CPU
		Release|Any CPU = Release|Any CPU
	EndGlobalSection
	GlobalSection(ProjectConfigurationPlatforms) = postSolution
		{3285CBA0-655D-45FD-8D52-8B9F35D20DD0}.Debug|Any CPU.ActiveCfg = Debug|Any CPU
		{3285CBA0-655D-45FD-8D52-8B9F35D20DD0}.Debug|Any CPU.Build.0 = Debug|Any CPU
		{3285CBA0-655D-45FD-8D52-8B9F35D20DD0}.Release|Any CPU.ActiveCfg = Release|Any CPU
		{3285CBA0-655D-45FD-8D52-8B9F35D20DD0}.Release|Any CPU.Build.0 = Release|Any CPU
		{7BE45712-9623-44F5-A442-08DE639A6DD4}.Debug|Any CPU.ActiveCfg = Debug|Any CPU
		{7BE45712-9623-44F5-A442-08DE639A6DD4}.Debug|Any CPU.Build.0 = Debug|Any CPU
		{7BE45712-9623-44F5-A442-08DE639A6DD4}.Release|Any CPU.ActiveCfg = Release|Any CPU
		{7BE45712-9623-44F5-A442-08DE639A6DD4}.Release|Any CPU.Build.0 = Release|Any CPU
		{C793AAFB-D4F5-4919-895F-8568080A209A}.Debug|Any CPU.ActiveCfg = Debug|Any CPU
		{C793AAFB-D4F5-4919-895F-8568080A209A}.Debug|Any CPU.Build.0 = Debug|Any CPU
		{C793AAFB-D4F5-4919-895F-8568080A209A}.Release|Any CPU.ActiveCfg = Release|Any CPU
		{C793AAFB-D4F5-4919-895F-8568080A209A}.Release|Any CPU.Build.0 = Release|Any CPU
		{3493390E-04F5-442A-A54B-38A30DE94787}.Debug|Any CPU.ActiveCfg = Debug|Any CPU
		{3493390E-04F5-442A-A54B-38A30DE94787}.Debug|Any CPU.Build.0 = Debug|Any CPU
		{3493390E-04F5-442A-A54B-38A30DE94787}.Release|Any CPU.ActiveCfg = Release|Any CPU
		{3493390E-04F5-442A-A54B-38A30DE94787}.Release|Any CPU.Build.0 = Release|Any CPU
	EndGlobalSection
	GlobalSection(SolutionProperties) = preSolution
		HideSolutionNode = FALSE
	EndGlobalSection
	GlobalSection(NestedProjects) = preSolution
		{3285CBA0-655D-45FD-8D52-8B9F35D20DD0} = {900AFD44-4CC8-45BD-85EA-1BB5773B3DAA}
		{7BE45712-9623-44F5-A442-08DE639A6DD4} = {5CC37CF1-021D-4BC9-8D1C-D454322C8515}
		{C793AAFB-D4F5-4919-895F-8568080A209A} = {5CC37CF1-021D-4BC9-8D1C-D454322C8515}
		{3493390E-04F5-442A-A54B-38A30DE94787} = {3FDF74FF-C1CD-4C1C-AF5F-C80D17574195}
	EndGlobalSection
	GlobalSection(ExtensibilityGlobals) = postSolution
		SolutionGuid = {B2925973-3A97-46CA-A086-E1BBF828FAA1}
	EndGlobalSection
EndGlobal
